
Microsoft Visual Studio Solution File, Format Version 11.00
# Visual Studio 2010
Project("{FAE04EC0-301F-11D3-BF4B-00C04F79EFBC}") = "DocfxSample", "DocfxSample.csproj", "{d2107852-dff6-02c5-fd8d-2b073d88fec0}"
EndProject
Project("{FAE04EC0-301F-11D3-BF4B-00C04F79EFBC}") = "Assembly-CSharp", "Assembly-CSharp.csproj", "{057f8778-34fb-5100-1bb6-ec1ac7ba8e56}"
EndProject
Global
	GlobalSection(SolutionConfigurationPlatforms) = preSolution
		Debug|Any CPU = Debug|Any CPU
	EndGlobalSection
	GlobalSection(ProjectConfigurationPlatforms) = postSolution
		{d2107852-dff6-02c5-fd8d-2b073d88fec0}.Debug|Any CPU.ActiveCfg = Debug|Any CPU
		{d2107852-dff6-02c5-fd8d-2b073d88fec0}.Debug|Any CPU.Build.0 = Debug|Any CPU
		{057f8778-34fb-5100-1bb6-ec1ac7ba8e56}.Debug|Any CPU.ActiveCfg = Debug|Any CPU
		{057f8778-34fb-5100-1bb6-ec1ac7ba8e56}.Debug|Any CPU.Build.0 = Debug|Any CPU
	EndGlobalSection
	GlobalSection(SolutionProperties) = preSolution
		HideSolutionNode = FALSE
	EndGlobalSection
EndGlobal
